// !$*UTF8*$!
{
	archiveVersion = 1;
	classes = {
	};
	objectVersion = 56;
	objects = {

/* Begin PBXBuildFile section */
		3D7E9BDE2A47A40F00374AC8 /* AppDelegate.swift in Sources */ = {isa = PBXBuildFile; fileRef = 3D7E9BDD2A47A40F00374AC8 /* AppDelegate.swift */; };
		3D7E9BE02A47A40F00374AC8 /* SceneDelegate.swift in Sources */ = {isa = PBXBuildFile; fileRef = 3D7E9BDF2A47A40F00374AC8 /* SceneDelegate.swift */; };
		3D7E9BE22A47A40F00374AC8 /* ViewController.swift in Sources */ = {isa = PBXBuildFile; fileRef = 3D7E9BE12A47A40F00374AC8 /* ViewController.swift */; };
		3D7E9BE52A47A40F00374AC8 /* Main.storyboard in Resources */ = {isa = PBXBuildFile; fileRef = 3D7E9BE32A47A40F00374AC8 /* Main.storyboard */; };
		3D7E9BE72A47A41000374AC8 /* Assets.xcassets in Resources */ = {isa = PBXBuildFile; fileRef = 3D7E9BE62A47A41000374AC8 /* Assets.xcassets */; };
		3D7E9BEA2A47A41000374AC8 /* LaunchScreen.storyboard in Resources */ = {isa = PBXBuildFile; fileRef = 3D7E9BE82A47A41000374AC8 /* LaunchScreen.storyboard */; };
		3D7E9BF52A47A41000374AC8 /* CitiesToVisitTests.swift in Sources */ = {isa = PBXBuildFile; fileRef = 3D7E9BF42A47A41000374AC8 /* CitiesToVisitTests.swift */; };
		3D7E9BFF2A47A41000374AC8 /* CitiesToVisitUITests.swift in Sources */ = {isa = PBXBuildFile; fileRef = 3D7E9BFE2A47A41000374AC8 /* CitiesToVisitUITests.swift */; };
		3D7E9C012A47A41000374AC8 /* CitiesToVisitUITestsLaunchTests.swift in Sources */ = {isa = PBXBuildFile; fileRef = 3D7E9C002A47A41000374AC8 /* CitiesToVisitUITestsLaunchTests.swift */; };
/* End PBXBuildFile section */

/* Begin PBXContainerItemProxy section */
		3D7E9BF12A47A41000374AC8 /* PBXContainerItemProxy */ = {
			isa = PBXContainerItemProxy;
			containerPortal = 3D7E9BD22A47A40F00374AC8 /* Project object */;
			proxyType = 1;
			remoteGlobalIDString = 3D7E9BD92A47A40F00374AC8;
			remoteInfo = CitiesToVisit;
		};
		3D7E9BFB2A47A41000374AC8 /* PBXContainerItemProxy */ = {
			isa = PBXContainerItemProxy;
			containerPortal = 3D7E9BD22A47A40F00374AC8 /* Project object */;
			proxyType = 1;
			remoteGlobalIDString = 3D7E9BD92A47A40F00374AC8;
			remoteInfo = CitiesToVisit;
		};
/* End PBXContainerItemProxy section */

/* Begin PBXFileReference section */
		3D7E9BDA2A47A40F00374AC8 /* CitiesToVisit.app */ = {isa = PBXFileReference; explicitFileType = wrapper.application; includeInIndex = 0; path = CitiesToVisit.app; sourceTree = BUILT_PRODUCTS_DIR; };
		3D7E9BDD2A47A40F00374AC8 /* AppDelegate.swift */ = {isa = PBXFileReference; lastKnownFileType = sourcecode.swift; path = AppDelegate.swift; sourceTree = "<group>"; };
		3D7E9BDF2A47A40F00374AC8 /* SceneDelegate.swift */ = {isa = PBXFileReference; lastKnownFileType = sourcecode.swift; path = SceneDelegate.swift; sourceTree = "<group>"; };
		3D7E9BE12A47A40F00374AC8 /* ViewController.swift */ = {isa = PBXFileReference; lastKnownFileType = sourcecode.swift; path = ViewController.swift; sourceTree = "<group>"; };
		3D7E9BE42A47A40F00374AC8 /* Base */ = {isa = PBXFileReference; lastKnownFileType = file.storyboard; name = Base; path = Base.lproj/Main.storyboard; sourceTree = "<group>"; };
		3D7E9BE62A47A41000374AC8 /* Assets.xcassets */ = {isa = PBXFileReference; lastKnownFileType = folder.assetcatalog; path = Assets.xcassets; sourceTree = "<group>"; };
		3D7E9BE92A47A41000374AC8 /* Base */ = {isa = PBXFileReference; lastKnownFileType = file.storyboard; name = Base; path = Base.lproj/LaunchScreen.storyboard; sourceTree = "<group>"; };
		3D7E9BEB2A47A41000374AC8 /* Info.plist */ = {isa = PBXFileReference; lastKnownFileType = text.plist.xml; path = Info.plist; sourceTree = "<group>"; };
		3D7E9BF02A47A41000374AC8 /* CitiesToVisitTests.xctest */ = {isa = PBXFileReference; explicitFileType = wrapper.cfbundle; includeInIndex = 0; path = CitiesToVisitTests.xctest; sourceTree = BUILT_PRODUCTS_DIR; };
		3D7E9BF42A47A41000374AC8 /* CitiesToVisitTests.swift */ = {isa = PBXFileReference; lastKnownFileType = sourcecode.swift; path = CitiesToVisitTests.swift; sourceTree = "<group>"; };
		3D7E9BFA2A47A41000374AC8 /* CitiesToVisitUITests.xctest */ = {isa = PBXFileReference; explicitFileType = wrapper.cfbundle; includeInIndex = 0; path = CitiesToVisitUITests.xctest; sourceTree = BUILT_PRODUCTS_DIR; };
		3D7E9BFE2A47A41000374AC8 /* CitiesToVisitUITests.swift */ = {isa = PBXFileReference; lastKnownFileType = sourcecode.swift; path = CitiesToVisitUITests.swift; sourceTree = "<group>"; };
		3D7E9C002A47A41000374AC8 /* CitiesToVisitUITestsLaunchTests.swift */ = {isa = PBXFileReference; lastKnownFileType = sourcecode.swift; path = CitiesToVisitUITestsLaunchTests.swift; sourceTree = "<group>"; };
/* End PBXFileReference section */

/* Begin PBXFrameworksBuildPhase section */
		3D7E9BD72A47A40F00374AC8 /* Frameworks */ = {
			isa = PBXFrameworksBuildPhase;
			buildActionMask = 2147483647;
			files = (
			);
			runOnlyForDeploymentPostprocessing = 0;
		};
		3D7E9BED2A47A41000374AC8 /* Frameworks */ = {
			isa = PBXFrameworksBuildPhase;
			buildActionMask = 2147483647;
			files = (
			);
			runOnlyForDeploymentPostprocessing = 0;
		};
		3D7E9BF72A47A41000374AC8 /* Frameworks */ = {
			isa = PBXFrameworksBuildPhase;
			buildActionMask = 2147483647;
			files = (
			);
			runOnlyForDeploymentPostprocessing = 0;
		};
/* End PBXFrameworksBuildPhase section */

/* Begin PBXGroup section */
		3D7E9BD12A47A40F00374AC8 = {
			isa = PBXGroup;
			children = (
				3D7E9BDC2A47A40F00374AC8 /* CitiesToVisit */,
				3D7E9BF32A47A41000374AC8 /* CitiesToVisitTests */,
				3D7E9BFD2A47A41000374AC8 /* CitiesToVisitUITests */,
				3D7E9BDB2A47A40F00374AC8 /* Products */,
			);
			sourceTree = "<group>";
		};
		3D7E9BDB2A47A40F00374AC8 /* Products */ = {
			isa = PBXGroup;
			children = (
				3D7E9BDA2A47A40F00374AC8 /* CitiesToVisit.app */,
				3D7E9BF02A47A41000374AC8 /* CitiesToVisitTests.xctest */,
				3D7E9BFA2A47A41000374AC8 /* CitiesToVisitUITests.xctest */,
			);
			name = Products;
			sourceTree = "<group>";
		};
		3D7E9BDC2A47A40F00374AC8 /* CitiesToVisit */ = {
			isa = PBXGroup;
			children = (
				3D7E9BDD2A47A40F00374AC8 /* AppDelegate.swift */,
				3D7E9BDF2A47A40F00374AC8 /* SceneDelegate.swift */,
				3D7E9BE12A47A40F00374AC8 /* ViewController.swift */,
				3D7E9BE32A47A40F00374AC8 /* Main.storyboard */,
				3D7E9BE62A47A41000374AC8 /* Assets.xcassets */,
				3D7E9BE82A47A41000374AC8 /* LaunchScreen.storyboard */,
				3D7E9BEB2A47A41000374AC8 /* Info.plist */,
			);
			path = CitiesToVisit;
			sourceTree = "<group>";
		};
		3D7E9BF32A47A41000374AC8 /* CitiesToVisitTests */ = {
			isa = PBXGroup;
			children = (
				3D7E9BF42A47A41000374AC8 /* CitiesToVisitTests.swift */,
			);
			path = CitiesToVisitTests;
			sourceTree = "<group>";
		};
		3D7E9BFD2A47A41000374AC8 /* CitiesToVisitUITests */ = {
			isa = PBXGroup;
			children = (
				3D7E9BFE2A47A41000374AC8 /* CitiesToVisitUITests.swift */,
				3D7E9C002A47A41000374AC8 /* CitiesToVisitUITestsLaunchTests.swift */,
			);
			path = CitiesToVisitUITests;
			sourceTree = "<group>";
		};
/* End PBXGroup section */

/* Begin PBXNativeTarget section */
		3D7E9BD92A47A40F00374AC8 /* CitiesToVisit */ = {
			isa = PBXNativeTarget;
			buildConfigurationList = 3D7E9C042A47A41000374AC8 /* Build configuration list for PBXNativeTarget "CitiesToVisit" */;
			buildPhases = (
				3D7E9BD62A47A40F00374AC8 /* Sources */,
				3D7E9BD72A47A40F00374AC8 /* Frameworks */,
				3D7E9BD82A47A40F00374AC8 /* Resources */,
			);
			buildRules = (
			);
			dependencies = (
			);
			name = CitiesToVisit;
			productName = CitiesToVisit;
			productReference = 3D7E9BDA2A47A40F00374AC8 /* CitiesToVisit.app */;
			productType = "com.apple.product-type.application";
		};
		3D7E9BEF2A47A41000374AC8 /* CitiesToVisitTests */ = {
			isa = PBXNativeTarget;
			buildConfigurationList = 3D7E9C072A47A41000374AC8 /* Build configuration list for PBXNativeTarget "CitiesToVisitTests" */;
			buildPhases = (
				3D7E9BEC2A47A41000374AC8 /* Sources */,
				3D7E9BED2A47A41000374AC8 /* Frameworks */,
				3D7E9BEE2A47A41000374AC8 /* Resources */,
			);
			buildRules = (
			);
			dependencies = (
				3D7E9BF22A47A41000374AC8 /* PBXTargetDependency */,
			);
			name = CitiesToVisitTests;
			productName = CitiesToVisitTests;
			productReference = 3D7E9BF02A47A41000374AC8 /* CitiesToVisitTests.xctest */;
			productType = "com.apple.product-type.bundle.unit-test";
		};
		3D7E9BF92A47A41000374AC8 /* CitiesToVisitUITests */ = {
			isa = PBXNativeTarget;
			buildConfigurationList = 3D7E9C0A2A47A41000374AC8 /* Build configuration list for PBXNativeTarget "CitiesToVisitUITests" */;
			buildPhases = (
				3D7E9BF62A47A41000374AC8 /* Sources */,
				3D7E9BF72A47A41000374AC8 /* Frameworks */,
				3D7E9BF82A47A41000374AC8 /* Resources */,
			);
			buildRules = (
			);
			dependencies = (
				3D7E9BFC2A47A41000374AC8 /* PBXTargetDependency */,
			);
			name = CitiesToVisitUITests;
			productName = CitiesToVisitUITests;
			productReference = 3D7E9BFA2A47A41000374AC8 /* CitiesToVisitUITests.xctest */;
			productType = "com.apple.product-type.bundle.ui-testing";
		};
/* End PBXNativeTarget section */

/* Begin PBXProject section */
		3D7E9BD22A47A40F00374AC8 /* Project object */ = {
			isa = PBXProject;
			attributes = {
				BuildIndependentTargetsInParallel = 1;
				LastSwiftUpdateCheck = 1420;
				LastUpgradeCheck = 1420;
				TargetAttributes = {
					3D7E9BD92A47A40F00374AC8 = {
						CreatedOnToolsVersion = 14.2;
					};
					3D7E9BEF2A47A41000374AC8 = {
						CreatedOnToolsVersion = 14.2;
						TestTargetID = 3D7E9BD92A47A40F00374AC8;
					};
					3D7E9BF92A47A41000374AC8 = {
						CreatedOnToolsVersion = 14.2;
						TestTargetID = 3D7E9BD92A47A40F00374AC8;
					};
				};
			};
			buildConfigurationList = 3D7E9BD52A47A40F00374AC8 /* Build configuration list for PBXProject "CitiesToVisit" */;
			compatibilityVersion = "Xcode 14.0";
			developmentRegion = en;
			hasScannedForEncodings = 0;
			knownRegions = (
				en,
				Base,
			);
			mainGroup = 3D7E9BD12A47A40F00374AC8;
			productRefGroup = 3D7E9BDB2A47A40F00374AC8 /* Products */;
			projectDirPath = "";
			projectRoot = "";
			targets = (
				3D7E9BD92A47A40F00374AC8 /* CitiesToVisit */,
				3D7E9BEF2A47A41000374AC8 /* CitiesToVisitTests */,
				3D7E9BF92A47A41000374AC8 /* CitiesToVisitUITests */,
			);
		};
/* End PBXProject section */

/* Begin PBXResourcesBuildPhase section */
		3D7E9BD82A47A40F00374AC8 /* Resources */ = {
			isa = PBXResourcesBuildPhase;
			buildActionMask = 2147483647;
			files = (
				3D7E9BEA2A47A41000374AC8 /* LaunchScreen.storyboard in Resources */,
				3D7E9BE72A47A41000374AC8 /* Assets.xcassets in Resources */,
				3D7E9BE52A47A40F00374AC8 /* Main.storyboard in Resources */,
			);
			runOnlyForDeploymentPostprocessing = 0;
		};
		3D7E9BEE2A47A41000374AC8 /* Resources */ = {
			isa = PBXResourcesBuildPhase;
			buildActionMask = 2147483647;
			files = (
			);
			runOnlyForDeploymentPostprocessing = 0;
		};
		3D7E9BF82A47A41000374AC8 /* Resources */ = {
			isa = PBXResourcesBuildPhase;
			buildActionMask = 2147483647;
			files = (
			);
			runOnlyForDeploymentPostprocessing = 0;
		};
/* End PBXResourcesBuildPhase section */

/* Begin PBXSourcesBuildPhase section */
		3D7E9BD62A47A40F00374AC8 /* Sources */ = {
			isa = PBXSourcesBuildPhase;
			buildActionMask = 2147483647;
			files = (
				3D7E9BE22A47A40F00374AC8 /* ViewController.swift in Sources */,
				3D7E9BDE2A47A40F00374AC8 /* AppDelegate.swift in Sources */,
				3D7E9BE02A47A40F00374AC8 /* SceneDelegate.swift in Sources */,
			);
			runOnlyForDeploymentPostprocessing = 0;
		};
		3D7E9BEC2A47A41000374AC8 /* Sources */ = {
			isa = PBXSourcesBuildPhase;
			buildActionMask = 2147483647;
			files = (
				3D7E9BF52A47A41000374AC8 /* CitiesToVisitTests.swift in Sources */,
			);
			runOnlyForDeploymentPostprocessing = 0;
		};
		3D7E9BF62A47A41000374AC8 /* Sources */ = {
			isa = PBXSourcesBuildPhase;
			buildActionMask = 2147483647;
			files = (
				3D7E9C012A47A41000374AC8 /* CitiesToVisitUITestsLaunchTests.swift in Sources */,
				3D7E9BFF2A47A41000374AC8 /* CitiesToVisitUITests.swift in Sources */,
			);
			runOnlyForDeploymentPostprocessing = 0;
		};
/* End PBXSourcesBuildPhase section */

/* Begin PBXTargetDependency section */
		3D7E9BF22A47A41000374AC8 /* PBXTargetDependency */ = {
			isa = PBXTargetDependency;
			target = 3D7E9BD92A47A40F00374AC8 /* CitiesToVisit */;
			targetProxy = 3D7E9BF12A47A41000374AC8 /* PBXContainerItemProxy */;
		};
		3D7E9BFC2A47A41000374AC8 /* PBXTargetDependency */ = {
			isa = PBXTargetDependency;
			target = 3D7E9BD92A47A40F00374AC8 /* CitiesToVisit */;
			targetProxy = 3D7E9BFB2A47A41000374AC8 /* PBXContainerItemProxy */;
		};
/* End PBXTargetDependency section */

/* Begin PBXVariantGroup section */
		3D7E9BE32A47A40F00374AC8 /* Main.storyboard */ = {
			isa = PBXVariantGroup;
			children = (
				3D7E9BE42A47A40F00374AC8 /* Base */,
			);
			name = Main.storyboard;
			sourceTree = "<group>";
		};
		3D7E9BE82A47A41000374AC8 /* LaunchScreen.storyboard */ = {
			isa = PBXVariantGroup;
			children = (
				3D7E9BE92A47A41000374AC8 /* Base */,
			);
			name = LaunchScreen.storyboard;
			sourceTree = "<group>";
		};
/* End PBXVariantGroup section */

/* Begin XCBuildConfiguration section */
		3D7E9C022A47A41000374AC8 /* Debug */ = {
			isa = XCBuildConfiguration;
			buildSettings = {
				ALWAYS_SEARCH_USER_PATHS = NO;
				CLANG_ANALYZER_NONNULL = YES;
				CLANG_ANALYZER_NUMBER_OBJECT_CONVERSION = YES_AGGRESSIVE;
				CLANG_CXX_LANGUAGE_STANDARD = "gnu++20";
				CLANG_ENABLE_MODULES = YES;
				CLANG_ENABLE_OBJC_ARC = YES;
				CLANG_ENABLE_OBJC_WEAK = YES;
				CLANG_WARN_BLOCK_CAPTURE_AUTORELEASING = YES;
				CLANG_WARN_BOOL_CONVERSION = YES;
				CLANG_WARN_COMMA = YES;
				CLANG_WARN_CONSTANT_CONVERSION = YES;
				CLANG_WARN_DEPRECATED_OBJC_IMPLEMENTATIONS = YES;
				CLANG_WARN_DIRECT_OBJC_ISA_USAGE = YES_ERROR;
				CLANG_WARN_DOCUMENTATION_COMMENTS = YES;
				CLANG_WARN_EMPTY_BODY = YES;
				CLANG_WARN_ENUM_CONVERSION = YES;
				CLANG_WARN_INFINITE_RECURSION = YES;
				CLANG_WARN_INT_CONVERSION = YES;
				CLANG_WARN_NON_LITERAL_NULL_CONVERSION = YES;
				CLANG_WARN_OBJC_IMPLICIT_RETAIN_SELF = YES;
				CLANG_WARN_OBJC_LITERAL_CONVERSION = YES;
				CLANG_WARN_OBJC_ROOT_CLASS = YES_ERROR;
				CLANG_WARN_QUOTED_INCLUDE_IN_FRAMEWORK_HEADER = YES;
				CLANG_WARN_RANGE_LOOP_ANALYSIS = YES;
				CLANG_WARN_STRICT_PROTOTYPES = YES;
				CLANG_WARN_SUSPICIOUS_MOVE = YES;
				CLANG_WARN_UNGUARDED_AVAILABILITY = YES_AGGRESSIVE;
				CLANG_WARN_UNREACHABLE_CODE = YES;
				CLANG_WARN__DUPLICATE_METHOD_MATCH = YES;
				COPY_PHASE_STRIP = NO;
				DEBUG_INFORMATION_FORMAT = dwarf;
				ENABLE_STRICT_OBJC_MSGSEND = YES;
				ENABLE_TESTABILITY = YES;
				GCC_C_LANGUAGE_STANDARD = gnu11;
				GCC_DYNAMIC_NO_PIC = NO;
				GCC_NO_COMMON_BLOCKS = YES;
				GCC_OPTIMIZATION_LEVEL = 0;
				GCC_PREPROCESSOR_DEFINITIONS = (
					"DEBUG=1",
					"$(inherited)",
				);
				GCC_WARN_64_TO_32_BIT_CONVERSION = YES;
				GCC_WARN_ABOUT_RETURN_TYPE = YES_ERROR;
				GCC_WARN_UNDECLARED_SELECTOR = YES;
				GCC_WARN_UNINITIALIZED_AUTOS = YES_AGGRESSIVE;
				GCC_WARN_UNUSED_FUNCTION = YES;
				GCC_WARN_UNUSED_VARIABLE = YES;
				IPHONEOS_DEPLOYMENT_TARGET = 16.2;
				MTL_ENABLE_DEBUG_INFO = INCLUDE_SOURCE;
				MTL_FAST_MATH = YES;
				ONLY_ACTIVE_ARCH = YES;
				SDKROOT = iphoneos;
				SWIFT_ACTIVE_COMPILATION_CONDITIONS = DEBUG;
				SWIFT_OPTIMIZATION_LEVEL = "-Onone";
			};
			name = Debug;
		};
		3D7E9C032A47A41000374AC8 /* Release */ = {
			isa = XCBuildConfiguration;
			buildSettings = {
				ALWAYS_SEARCH_USER_PATHS = NO;
				CLANG_ANALYZER_NONNULL = YES;
				CLANG_ANALYZER_NUMBER_OBJECT_CONVERSION = YES_AGGRESSIVE;
				CLANG_CXX_LANGUAGE_STANDARD = "gnu++20";
				CLANG_ENABLE_MODULES = YES;
				CLANG_ENABLE_OBJC_ARC = YES;
				CLANG_ENABLE_OBJC_WEAK = YES;
				CLANG_WARN_BLOCK_CAPTURE_AUTORELEASING = YES;
				CLANG_WARN_BOOL_CONVERSION = YES;
				CLANG_WARN_COMMA = YES;
				CLANG_WARN_CONSTANT_CONVERSION = YES;
				CLANG_WARN_DEPRECATED_OBJC_IMPLEMENTATIONS = YES;
				CLANG_WARN_DIRECT_OBJC_ISA_USAGE = YES_ERROR;
				CLANG_WARN_DOCUMENTATION_COMMENTS = YES;
				CLANG_WARN_EMPTY_BODY = YES;
				CLANG_WARN_ENUM_CONVERSION = YES;
				CLANG_WARN_INFINITE_RECURSION = YES;
				CLANG_WARN_INT_CONVERSION = YES;
				CLANG_WARN_NON_LITERAL_NULL_CONVERSION = YES;
				CLANG_WARN_OBJC_IMPLICIT_RETAIN_SELF = YES;
				CLANG_WARN_OBJC_LITERAL_CONVERSION = YES;
				CLANG_WARN_OBJC_ROOT_CLASS = YES_ERROR;
				CLANG_WARN_QUOTED_INCLUDE_IN_FRAMEWORK_HEADER = YES;
				CLANG_WARN_RANGE_LOOP_ANALYSIS = YES;
				CLANG_WARN_STRICT_PROTOTYPES = YES;
				CLANG_WARN_SUSPICIOUS_MOVE = YES;
				CLANG_WARN_UNGUARDED_AVAILABILITY = YES_AGGRESSIVE;
				CLANG_WARN_UNREACHABLE_CODE = YES;
				CLANG_WARN__DUPLICATE_METHOD_MATCH = YES;
				COPY_PHASE_STRIP = NO;
				DEBUG_INFORMATION_FORMAT = "dwarf-with-dsym";
				ENABLE_NS_ASSERTIONS = NO;
				ENABLE_STRICT_OBJC_MSGSEND = YES;
				GCC_C_LANGUAGE_STANDARD = gnu11;
				GCC_NO_COMMON_BLOCKS = YES;
				GCC_WARN_64_TO_32_BIT_CONVERSION = YES;
				GCC_WARN_ABOUT_RETURN_TYPE = YES_ERROR;
				GCC_WARN_UNDECLARED_SELECTOR = YES;
				GCC_WARN_UNINITIALIZED_AUTOS = YES_AGGRESSIVE;
				GCC_WARN_UNUSED_FUNCTION = YES;
				GCC_WARN_UNUSED_VARIABLE = YES;
				IPHONEOS_DEPLOYMENT_TARGET = 16.2;
				MTL_ENABLE_DEBUG_INFO = NO;
				MTL_FAST_MATH = YES;
				SDKROOT = iphoneos;
				SWIFT_COMPILATION_MODE = wholemodule;
				SWIFT_OPTIMIZATION_LEVEL = "-O";
				VALIDATE_PRODUCT = YES;
			};
			name = Release;
		};
		3D7E9C052A47A41000374AC8 /* Debug */ = {
			isa = XCBuildConfiguration;
			buildSettings = {
				ASSETCATALOG_COMPILER_APPICON_NAME = AppIcon;
				ASSETCATALOG_COMPILER_GLOBAL_ACCENT_COLOR_NAME = AccentColor;
				CODE_SIGN_STYLE = Automatic;
				CURRENT_PROJECT_VERSION = 1;
				GENERATE_INFOPLIST_FILE = YES;
				INFOPLIST_FILE = CitiesToVisit/Info.plist;
				INFOPLIST_KEY_UIApplicationSupportsIndirectInputEvents = YES;
				INFOPLIST_KEY_UILaunchStoryboardName = LaunchScreen;
				INFOPLIST_KEY_UIMainStoryboardFile = Main;
				INFOPLIST_KEY_UISupportedInterfaceOrientations_iPad = "UIInterfaceOrientationPortrait UIInterfaceOrientationPortraitUpsideDown UIInterfaceOrientationLandscapeLeft UIInterfaceOrientationLandscapeRight";
				INFOPLIST_KEY_UISupportedInterfaceOrientations_iPhone = "UIInterfaceOrientationPortrait UIInterfaceOrientationLandscapeLeft UIInterfaceOrientationLandscapeRight";
				LD_RUNPATH_SEARCH_PATHS = (
					"$(inherited)",
					"@executable_path/Frameworks",
				);
				MARKETING_VERSION = 1.0;
				PRODUCT_BUNDLE_IDENTIFIER = com.lucasaugustocastro.CitiesToVisit;
				PRODUCT_NAME = "$(TARGET_NAME)";
				SWIFT_EMIT_LOC_STRINGS = YES;
				SWIFT_VERSION = 5.0;
				TARGETED_DEVICE_FAMILY = "1,2";
			};
			name = Debug;
		};
		3D7E9C062A47A41000374AC8 /* Release */ = {
			isa = XCBuildConfiguration;
			buildSettings = {
				ASSETCATALOG_COMPILER_APPICON_NAME = AppIcon;
				ASSETCATALOG_COMPILER_GLOBAL_ACCENT_COLOR_NAME = AccentColor;
				CODE_SIGN_STYLE = Automatic;
				CURRENT_PROJECT_VERSION = 1;
				GENERATE_INFOPLIST_FILE = YES;
				INFOPLIST_FILE = CitiesToVisit/Info.plist;
				INFOPLIST_KEY_UIApplicationSupportsIndirectInputEvents = YES;
				INFOPLIST_KEY_UILaunchStoryboardName = LaunchScreen;
				INFOPLIST_KEY_UIMainStoryboardFile = Main;
				INFOPLIST_KEY_UISupportedInterfaceOrientations_iPad = "UIInterfaceOrientationPortrait UIInterfaceOrientationPortraitUpsideDown UIInterfaceOrientationLandscapeLeft UIInterfaceOrientationLandscapeRight";
				INFOPLIST_KEY_UISupportedInterfaceOrientations_iPhone = "UIInterfaceOrientationPortrait UIInterfaceOrientationLandscapeLeft UIInterfaceOrientationLandscapeRight";
				LD_RUNPATH_SEARCH_PATHS = (
					"$(inherited)",
					"@executable_path/Frameworks",
				);
				MARKETING_VERSION = 1.0;
				PRODUCT_BUNDLE_IDENTIFIER = com.lucasaugustocastro.CitiesToVisit;
				PRODUCT_NAME = "$(TARGET_NAME)";
				SWIFT_EMIT_LOC_STRINGS = YES;
				SWIFT_VERSION = 5.0;
				TARGETED_DEVICE_FAMILY = "1,2";
			};
			name = Release;
		};
		3D7E9C082A47A41000374AC8 /* Debug */ = {
			isa = XCBuildConfiguration;
			buildSettings = {
				ALWAYS_EMBED_SWIFT_STANDARD_LIBRARIES = YES;
				BUNDLE_LOADER = "$(TEST_HOST)";
				CODE_SIGN_STYLE = Automatic;
				CURRENT_PROJECT_VERSION = 1;
				GENERATE_INFOPLIST_FILE = YES;
				IPHONEOS_DEPLOYMENT_TARGET = 16.2;
				MARKETING_VERSION = 1.0;
				PRODUCT_BUNDLE_IDENTIFIER = com.lucasaugustocastro.CitiesToVisitTests;
				PRODUCT_NAME = "$(TARGET_NAME)";
				SWIFT_EMIT_LOC_STRINGS = NO;
				SWIFT_VERSION = 5.0;
				TARGETED_DEVICE_FAMILY = "1,2";
				TEST_HOST = "$(BUILT_PRODUCTS_DIR)/CitiesToVisit.app/$(BUNDLE_EXECUTABLE_FOLDER_PATH)/CitiesToVisit";
			};
			name = Debug;
		};
		3D7E9C092A47A41000374AC8 /* Release */ = {
			isa = XCBuildConfiguration;
			buildSettings = {
				ALWAYS_EMBED_SWIFT_STANDARD_LIBRARIES = YES;
				BUNDLE_LOADER = "$(TEST_HOST)";
				CODE_SIGN_STYLE = Automatic;
				CURRENT_PROJECT_VERSION = 1;
				GENERATE_INFOPLIST_FILE = YES;
				IPHONEOS_DEPLOYMENT_TARGET = 16.2;
				MARKETING_VERSION = 1.0;
				PRODUCT_BUNDLE_IDENTIFIER = com.lucasaugustocastro.CitiesToVisitTests;
				PRODUCT_NAME = "$(TARGET_NAME)";
				SWIFT_EMIT_LOC_STRINGS = NO;
				SWIFT_VERSION = 5.0;
				TARGETED_DEVICE_FAMILY = "1,2";
				TEST_HOST = "$(BUILT_PRODUCTS_DIR)/CitiesToVisit.app/$(BUNDLE_EXECUTABLE_FOLDER_PATH)/CitiesToVisit";
			};
			name = Release;
		};
		3D7E9C0B2A47A41000374AC8 /* Debug */ = {
			isa = XCBuildConfiguration;
			buildSettings = {
				ALWAYS_EMBED_SWIFT_STANDARD_LIBRARIES = YES;
				CODE_SIGN_STYLE = Automatic;
				CURRENT_PROJECT_VERSION = 1;
				GENERATE_INFOPLIST_FILE = YES;
				MARKETING_VERSION = 1.0;
				PRODUCT_BUNDLE_IDENTIFIER = com.lucasaugustocastro.CitiesToVisitUITests;
				PRODUCT_NAME = "$(TARGET_NAME)";
				SWIFT_EMIT_LOC_STRINGS = NO;
				SWIFT_VERSION = 5.0;
				TARGETED_DEVICE_FAMILY = "1,2";
				TEST_TARGET_NAME = CitiesToVisit;
			};
			name = Debug;
		};
		3D7E9C0C2A47A41000374AC8 /* Release */ = {
			isa = XCBuildConfiguration;
			buildSettings = {
				ALWAYS_EMBED_SWIFT_STANDARD_LIBRARIES = YES;
				CODE_SIGN_STYLE = Automatic;
				CURRENT_PROJECT_VERSION = 1;
				GENERATE_INFOPLIST_FILE = YES;
				MARKETING_VERSION = 1.0;
				PRODUCT_BUNDLE_IDENTIFIER = com.lucasaugustocastro.CitiesToVisitUITests;
				PRODUCT_NAME = "$(TARGET_NAME)";
				SWIFT_EMIT_LOC_STRINGS = NO;
				SWIFT_VERSION = 5.0;
				TARGETED_DEVICE_FAMILY = "1,2";
				TEST_TARGET_NAME = CitiesToVisit;
			};
			name = Release;
		};
/* End XCBuildConfiguration section */

/* Begin XCConfigurationList section */
		3D7E9BD52A47A40F00374AC8 /* Build configuration list for PBXProject "CitiesToVisit" */ = {
			isa = XCConfigurationList;
			buildConfigurations = (
				3D7E9C022A47A41000374AC8 /* Debug */,
				3D7E9C032A47A41000374AC8 /* Release */,
			);
			defaultConfigurationIsVisible = 0;
			defaultConfigurationName = Release;
		};
		3D7E9C042A47A41000374AC8 /* Build configuration list for PBXNativeTarget "CitiesToVisit" */ = {
			isa = XCConfigurationList;
			buildConfigurations = (
				3D7E9C052A47A41000374AC8 /* Debug */,
				3D7E9C062A47A41000374AC8 /* Release */,
			);
			defaultConfigurationIsVisible = 0;
			defaultConfigurationName = Release;
		};
		3D7E9C072A47A41000374AC8 /* Build configuration list for PBXNativeTarget "CitiesToVisitTests" */ = {
			isa = XCConfigurationList;
			buildConfigurations = (
				3D7E9C082A47A41000374AC8 /* Debug */,
				3D7E9C092A47A41000374AC8 /* Release */,
			);
			defaultConfigurationIsVisible = 0;
			defaultConfigurationName = Release;
		};
		3D7E9C0A2A47A41000374AC8 /* Build configuration list for PBXNativeTarget "CitiesToVisitUITests" */ = {
			isa = XCConfigurationList;
			buildConfigurations = (
				3D7E9C0B2A47A41000374AC8 /* Debug */,
				3D7E9C0C2A47A41000374AC8 /* Release */,
			);
			defaultConfigurationIsVisible = 0;
			defaultConfigurationName = Release;
		};
/* End XCConfigurationList section */
	};
	rootObject = 3D7E9BD22A47A40F00374AC8 /* Project object */;
}
